
Microsoft Visual Studio Solution File, Format Version 12.00
# Visual Studio Version 16
VisualStudioVersion = 16.0.31515.178
MinimumVisualStudioVersion = 10.0.40219.1
Project("{888888A0-9F3D-457C-B088-3A5042F75D52}") = "PDFExtraction", "PDFExtraction.pyproj", "{35B89776-DE0D-4DBB-AF80-FAA4FB84F144}"
EndProject
Global
	GlobalSection(SolutionConfigurationPlatforms) = preSolution
		Debug|Any CPU = Debug|Any CPU
		Release|Any CPU = Release|Any CPU
	EndGlobalSection
	GlobalSection(ProjectConfigurationPlatforms) = postSolution
		{35B89776-DE0D-4DBB-AF80-FAA4FB84F144}.Debug|Any CPU.ActiveCfg = Debug|Any CPU
		{35B89776-DE0D-4DBB-AF80-FAA4FB84F144}.Release|Any CPU.ActiveCfg = Release|Any CPU
	EndGlobalSection
	GlobalSection(SolutionProperties) = preSolution
		HideSolutionNode = FALSE
	EndGlobalSection
	GlobalSection(ExtensibilityGlobals) = postSolution
		SolutionGuid = {49518838-CF0F-4F5E-9CEB-5890943FE423}
	EndGlobalSection
EndGlobal
